
Microsoft Visual Studio Solution File, Format Version 12.00
# Visual Studio Version 16
VisualStudioVersion = 16.0.30611.23
MinimumVisualStudioVersion = 10.0.40219.1
Project("{9A19103F-16F7-4668-BE54-9A1E7A4F7556}") = "TuffUppgift", "TuffUppgift.csproj", "{78F9F6E1-244B-4C14-9A35-538853E63899}"
EndProject
Global
	GlobalSection(SolutionConfigurationPlatforms) = preSolution
		Debug|Any CPU = Debug|Any CPU
		Release|Any CPU = Release|Any CPU
	EndGlobalSection
	GlobalSection(ProjectConfigurationPlatforms) = postSolution
		{78F9F6E1-244B-4C14-9A35-538853E63899}.Debug|Any CPU.ActiveCfg = Debug|Any CPU
		{78F9F6E1-244B-4C14-9A35-538853E63899}.Debug|Any CPU.Build.0 = Debug|Any CPU
		{78F9F6E1-244B-4C14-9A35-538853E63899}.Release|Any CPU.ActiveCfg = Release|Any CPU
		{78F9F6E1-244B-4C14-9A35-538853E63899}.Release|Any CPU.Build.0 = Release|Any CPU
	EndGlobalSection
	GlobalSection(SolutionProperties) = preSolution
		HideSolutionNode = FALSE
	EndGlobalSection
	GlobalSection(ExtensibilityGlobals) = postSolution
		SolutionGuid = {39131653-3648-4C00-B315-B6F5FBA1AE50}
	EndGlobalSection
EndGlobal
